
Microsoft Visual Studio Solution File, Format Version 12.00
# Visual Studio Version 17
VisualStudioVersion = 17.9.34622.214
MinimumVisualStudioVersion = 10.0.40219.1
Project("{FAE04EC0-301F-11D3-BF4B-00C04F79EFBC}") = "built-in function", "built-in function\built-in function.csproj", "{1221B71B-67FB-41D7-91D9-116B5D06E475}"
EndProject
Global
	GlobalSection(SolutionConfigurationPlatforms) = preSolution
		Debug|Any CPU = Debug|Any CPU
		Release|Any CPU = Release|Any CPU
	EndGlobalSection
	GlobalSection(ProjectConfigurationPlatforms) = postSolution
		{1221B71B-67FB-41D7-91D9-116B5D06E475}.Debug|Any CPU.ActiveCfg = Debug|Any CPU
		{1221B71B-67FB-41D7-91D9-116B5D06E475}.Debug|Any CPU.Build.0 = Debug|Any CPU
		{1221B71B-67FB-41D7-91D9-116B5D06E475}.Release|Any CPU.ActiveCfg = Release|Any CPU
		{1221B71B-67FB-41D7-91D9-116B5D06E475}.Release|Any CPU.Build.0 = Release|Any CPU
	EndGlobalSection
	GlobalSection(SolutionProperties) = preSolution
		HideSolutionNode = FALSE
	EndGlobalSection
	GlobalSection(ExtensibilityGlobals) = postSolution
		SolutionGuid = {1D3B7EA1-8C6F-4B6D-8A7B-D9D7E31FA02F}
	EndGlobalSection
EndGlobal
